# This file is automatically @generated by Cargo.
# It is not intended for manual editing.
version = 4

[[package]]
name = "arrayvec"
version = "0.7.8"
source = "registry+https://github.com/rust-lang/crates.io-index"
checksum = "d3fb67a6e08acf24fdeccbac2cb6ac4305825bd1f117462e0e6f2f193345ad56"

[[package]]
name = "etherparse"
version = "0.21.0"
source = "registry+https://github.com/rust-lang/crates.io-index"
checksum = "17304d06addb3283cdc4bd528e42dd95e73c8ee2d6492ffce415e93660885449"
dependencies = [
 "arrayvec",
]

[[package]]
name = "lastwarhq-scanner"
version = "0.3.0"
dependencies = [
 "etherparse",
 "ruzstd",
]

[[package]]
name = "ruzstd"
version = "0.9.0"
source = "registry+https://github.com/rust-lang/crates.io-index"
checksum = "a252f5e20f038fe7b4ea53e073e65398d652c864cc162fc77c56c2f13717b888"
dependencies = [
 "twox-hash",
]

[[package]]
name = "twox-hash"
version = "2.1.4"
source = "registry+https://github.com/rust-lang/crates.io-index"
checksum = "5283634e518fe9e82c7b20520bb4bc209009fd16c82077c802f8111ecbb0117a"
